
Microsoft Visual Studio Solution File, Format Version 12.00
# Visual Studio Version 16
VisualStudioVersion = 16.0.29728.190
MinimumVisualStudioVersion = 10.0.40219.1
Project("{FAE04EC0-301F-11D3-BF4B-00C04F79EFBC}") = "laba1", "laba1.csproj", "{6E10E4D0-8F5B-484C-B949-DBB01093650C}"
EndProject
Global
	GlobalSection(SolutionConfigurationPlatforms) = preSolution
		Debug|Any CPU = Debug|Any CPU
		Release|Any CPU = Release|Any CPU
	EndGlobalSection
	GlobalSection(ProjectConfigurationPlatforms) = postSolution
		{6E10E4D0-8F5B-484C-B949-DBB01093650C}.Debug|Any CPU.ActiveCfg = Debug|Any CPU
		{6E10E4D0-8F5B-484C-B949-DBB01093650C}.Debug|Any CPU.Build.0 = Debug|Any CPU
		{6E10E4D0-8F5B-484C-B949-DBB01093650C}.Release|Any CPU.ActiveCfg = Release|Any CPU
		{6E10E4D0-8F5B-484C-B949-DBB01093650C}.Release|Any CPU.Build.0 = Release|Any CPU
	EndGlobalSection
	GlobalSection(SolutionProperties) = preSolution
		HideSolutionNode = FALSE
	EndGlobalSection
	GlobalSection(ExtensibilityGlobals) = postSolution
		SolutionGuid = {99A9FD9F-B092-4D26-B3F4-C7B7A47F9414}
	EndGlobalSection
EndGlobal
